<Solution>
  <Project Path="CH10Q01/CH10Q01.csproj" />
  <Project Path="CH10Q02/CH10Q02.csproj" Id="84027994-db2b-4d02-8872-a9c323a99652" />
  <Project Path="CH10Q03/CH10Q03.csproj" Id="97263fb0-a7af-46fd-a824-d6bb69eb45ba" />
  <Project Path="CH10Q04/CH10Q04.csproj" Id="ba007584-cea1-4548-9eb1-60289ca43ebe" />
  <Project Path="CH10Q05/CH10Q05.csproj" Id="57ddf658-f2d6-45c4-b57f-fc6765241ba6" />
  <Project Path="CH10Q06/CH10Q06.csproj" Id="cf35ac9e-3048-428b-8605-afea052300c4" />
  <Project Path="CH10Q07/CH10Q07.csproj" Id="7a8e7a7d-f640-4f38-b30c-0a648748cc1c" />
  <Project Path="CH10Q08/CH10Q08.csproj" Id="ffa9d995-0cad-40e5-be51-233539052023" />
  <Project Path="CH10Q09/CH10Q09.csproj" Id="2dc3bb5c-a7dd-45ac-92b4-dbcdb14f6826" />
  <Project Path="CH10Q10/CH10Q10.csproj" Id="0db1dc63-d232-4e78-8d17-018ff321f9c0" />
</Solution>
